
Microsoft Visual Studio Solution File, Format Version 12.00
# Visual Studio Version 16
VisualStudioVersion = 16.0.30011.22
MinimumVisualStudioVersion = 10.0.40219.1
Project("{FAE04EC0-301F-11D3-BF4B-00C04F79EFBC}") = "MathInput", "MathInput\MathInput.csproj", "{0639C2B2-588D-4041-8553-AE18C48159E6}"
EndProject
Global
	GlobalSection(SolutionConfigurationPlatforms) = preSolution
		Debug|Any CPU = Debug|Any CPU
		Release|Any CPU = Release|Any CPU
	EndGlobalSection
	GlobalSection(ProjectConfigurationPlatforms) = postSolution
		{0639C2B2-588D-4041-8553-AE18C48159E6}.Debug|Any CPU.ActiveCfg = Debug|Any CPU
		{0639C2B2-588D-4041-8553-AE18C48159E6}.Debug|Any CPU.Build.0 = Debug|Any CPU
		{0639C2B2-588D-4041-8553-AE18C48159E6}.Release|Any CPU.ActiveCfg = Release|Any CPU
		{0639C2B2-588D-4041-8553-AE18C48159E6}.Release|Any CPU.Build.0 = Release|Any CPU
	EndGlobalSection
	GlobalSection(SolutionProperties) = preSolution
		HideSolutionNode = FALSE
	EndGlobalSection
	GlobalSection(ExtensibilityGlobals) = postSolution
		SolutionGuid = {0BC741CF-A979-4D97-9EFD-BD385F18049E}
	EndGlobalSection
EndGlobal
